// !$*UTF8*$!
{
	archiveVersion = 1;
	classes = {
	};
	objectVersion = 46;
	objects = {

/* Begin PBXFileReference section */
		49560E341C43E1E200956BDA /* index.html */ = {isa = PBXFileReference; lastKnownFileType = text.html; path = index.html; sourceTree = "<group>"; };
		49560E351C43E2CF00956BDA /* server.js */ = {isa = PBXFileReference; lastKnownFileType = sourcecode.javascript; path = server.js; sourceTree = "<group>"; };
		49560E361C43EE5000956BDA /* package.json */ = {isa = PBXFileReference; lastKnownFileType = text.json; path = package.json; sourceTree = "<group>"; };
		49560E371C44183000956BDA /* index.html */ = {isa = PBXFileReference; lastKnownFileType = text.html; name = index.html; path = public/index.html; sourceTree = "<group>"; };
/* End PBXFileReference section */

/* Begin PBXGroup section */
		49560E2D1C43DECC00956BDA = {
			isa = PBXGroup;
			children = (
				49560E341C43E1E200956BDA /* index.html */,
				49560E361C43EE5000956BDA /* package.json */,
				49560E351C43E2CF00956BDA /* server.js */,
				49560E371C44183000956BDA /* index.html */,
			);
			sourceTree = "<group>";
		};
/* End PBXGroup section */

/* Begin PBXProject section */
		49560E2E1C43DECC00956BDA /* Project object */ = {
			isa = PBXProject;
			attributes = {
				LastUpgradeCheck = 0610;
			};
			buildConfigurationList = 49560E311C43DECC00956BDA /* Build configuration list for PBXProject "RLTacticalBoard" */;
			compatibilityVersion = "Xcode 3.2";
			developmentRegion = English;
			hasScannedForEncodings = 0;
			knownRegions = (
				en,
			);
			mainGroup = 49560E2D1C43DECC00956BDA;
			projectDirPath = "";
			projectRoot = "";
			targets = (
			);
		};
/* End PBXProject section */

/* Begin XCBuildConfiguration section */
		49560E321C43DECC00956BDA /* Debug */ = {
			isa = XCBuildConfiguration;
			buildSettings = {
			};
			name = Debug;
		};
		49560E331C43DECC00956BDA /* Release */ = {
			isa = XCBuildConfiguration;
			buildSettings = {
			};
			name = Release;
		};
/* End XCBuildConfiguration section */

/* Begin XCConfigurationList section */
		49560E311C43DECC00956BDA /* Build configuration list for PBXProject "RLTacticalBoard" */ = {
			isa = XCConfigurationList;
			buildConfigurations = (
				49560E321C43DECC00956BDA /* Debug */,
				49560E331C43DECC00956BDA /* Release */,
			);
			defaultConfigurationIsVisible = 0;
			defaultConfigurationName = Release;
		};
/* End XCConfigurationList section */
	};
	rootObject = 49560E2E1C43DECC00956BDA /* Project object */;
}
